
Microsoft Visual Studio Solution File, Format Version 12.00
# Visual Studio Version 17
VisualStudioVersion = 17.4.33020.496
MinimumVisualStudioVersion = 10.0.40219.1
Project("{2150E333-8FDC-42A3-9474-1A3956D46DE8}") = "Solution Items", "Solution Items", "{8C0B46F6-1CE0-4F41-BE12-0BA3B5940691}"
	ProjectSection(SolutionItems) = preProject
		..\.github\CONTRIBUTING.md = ..\.github\CONTRIBUTING.md
		..\.github\README.md = ..\.github\README.md
		..\umbraco-marketplace.json = ..\umbraco-marketplace.json
	EndProjectSection
EndProject
Project("{FAE04EC0-301F-11D3-BF4B-00C04F79EFBC}") = "ImageHotspot.TestSite", "ImageHotspot.TestSite\ImageHotspot.TestSite.csproj", "{480EA46A-E5B4-4B9A-B46B-2CE39AD3F921}"
EndProject
Project("{FAE04EC0-301F-11D3-BF4B-00C04F79EFBC}") = "ImageHotspot", "ImageHotspot\ImageHotspot.csproj", "{1760A485-0A21-4153-A436-68C864D86C84}"
EndProject
Global
	GlobalSection(SolutionConfigurationPlatforms) = preSolution
		Debug|Any CPU = Debug|Any CPU
		Debug|x64 = Debug|x64
		Debug|x86 = Debug|x86
		Release|Any CPU = Release|Any CPU
		Release|x64 = Release|x64
		Release|x86 = Release|x86
	EndGlobalSection
	GlobalSection(ProjectConfigurationPlatforms) = postSolution
		{480EA46A-E5B4-4B9A-B46B-2CE39AD3F921}.Debug|Any CPU.ActiveCfg = Debug|Any CPU
		{480EA46A-E5B4-4B9A-B46B-2CE39AD3F921}.Debug|Any CPU.Build.0 = Debug|Any CPU
		{480EA46A-E5B4-4B9A-B46B-2CE39AD3F921}.Debug|x64.ActiveCfg = Debug|Any CPU
		{480EA46A-E5B4-4B9A-B46B-2CE39AD3F921}.Debug|x64.Build.0 = Debug|Any CPU
		{480EA46A-E5B4-4B9A-B46B-2CE39AD3F921}.Debug|x86.ActiveCfg = Debug|Any CPU
		{480EA46A-E5B4-4B9A-B46B-2CE39AD3F921}.Debug|x86.Build.0 = Debug|Any CPU
		{480EA46A-E5B4-4B9A-B46B-2CE39AD3F921}.Release|Any CPU.ActiveCfg = Release|Any CPU
		{480EA46A-E5B4-4B9A-B46B-2CE39AD3F921}.Release|Any CPU.Build.0 = Release|Any CPU
		{480EA46A-E5B4-4B9A-B46B-2CE39AD3F921}.Release|x64.ActiveCfg = Release|Any CPU
		{480EA46A-E5B4-4B9A-B46B-2CE39AD3F921}.Release|x64.Build.0 = Release|Any CPU
		{480EA46A-E5B4-4B9A-B46B-2CE39AD3F921}.Release|x86.ActiveCfg = Release|Any CPU
		{480EA46A-E5B4-4B9A-B46B-2CE39AD3F921}.Release|x86.Build.0 = Release|Any CPU
		{1760A485-0A21-4153-A436-68C864D86C84}.Debug|Any CPU.ActiveCfg = Debug|Any CPU
		{1760A485-0A21-4153-A436-68C864D86C84}.Debug|Any CPU.Build.0 = Debug|Any CPU
		{1760A485-0A21-4153-A436-68C864D86C84}.Debug|x64.ActiveCfg = Debug|Any CPU
		{1760A485-0A21-4153-A436-68C864D86C84}.Debug|x64.Build.0 = Debug|Any CPU
		{1760A485-0A21-4153-A436-68C864D86C84}.Debug|x86.ActiveCfg = Debug|Any CPU
		{1760A485-0A21-4153-A436-68C864D86C84}.Debug|x86.Build.0 = Debug|Any CPU
		{1760A485-0A21-4153-A436-68C864D86C84}.Release|Any CPU.ActiveCfg = Release|Any CPU
		{1760A485-0A21-4153-A436-68C864D86C84}.Release|Any CPU.Build.0 = Release|Any CPU
		{1760A485-0A21-4153-A436-68C864D86C84}.Release|x64.ActiveCfg = Release|Any CPU
		{1760A485-0A21-4153-A436-68C864D86C84}.Release|x64.Build.0 = Release|Any CPU
		{1760A485-0A21-4153-A436-68C864D86C84}.Release|x86.ActiveCfg = Release|Any CPU
		{1760A485-0A21-4153-A436-68C864D86C84}.Release|x86.Build.0 = Release|Any CPU
	EndGlobalSection
	GlobalSection(SolutionProperties) = preSolution
		HideSolutionNode = FALSE
	EndGlobalSection
	GlobalSection(ExtensibilityGlobals) = postSolution
		SolutionGuid = {6F07004F-9903-4AEB-9ED0-BE57A0326D20}
	EndGlobalSection
EndGlobal
